
Microsoft Visual Studio Solution File, Format Version 12.00
# Visual Studio Version 17
VisualStudioVersion = 17.7.34024.191
MinimumVisualStudioVersion = 10.0.40219.1
Project("{FAE04EC0-301F-11D3-BF4B-00C04F79EFBC}") = "LW5", "LW5.csproj", "{B412C413-F0C6-4E6E-B7C0-2AF3C1F2D889}"
EndProject
Global
	GlobalSection(SolutionConfigurationPlatforms) = preSolution
		Debug|Any CPU = Debug|Any CPU
		Release|Any CPU = Release|Any CPU
	EndGlobalSection
	GlobalSection(ProjectConfigurationPlatforms) = postSolution
		{B412C413-F0C6-4E6E-B7C0-2AF3C1F2D889}.Debug|Any CPU.ActiveCfg = Debug|Any CPU
		{B412C413-F0C6-4E6E-B7C0-2AF3C1F2D889}.Debug|Any CPU.Build.0 = Debug|Any CPU
		{B412C413-F0C6-4E6E-B7C0-2AF3C1F2D889}.Release|Any CPU.ActiveCfg = Release|Any CPU
		{B412C413-F0C6-4E6E-B7C0-2AF3C1F2D889}.Release|Any CPU.Build.0 = Release|Any CPU
	EndGlobalSection
	GlobalSection(SolutionProperties) = preSolution
		HideSolutionNode = FALSE
	EndGlobalSection
	GlobalSection(ExtensibilityGlobals) = postSolution
		SolutionGuid = {6AC03046-5578-4DA3-84A3-5F9DB0CE4CA7}
	EndGlobalSection
EndGlobal
